
Microsoft Visual Studio Solution File, Format Version 12.00
# Visual Studio Version 17
VisualStudioVersion = 17.11.35222.181
MinimumVisualStudioVersion = 10.0.40219.1
Project("{FAE04EC0-301F-11D3-BF4B-00C04F79EFBC}") = "Task 4!", "Task 4!.csproj", "{208CDDB4-D5AC-47E9-98A2-DAB290F0C074}"
EndProject
Global
	GlobalSection(SolutionConfigurationPlatforms) = preSolution
		Debug|Any CPU = Debug|Any CPU
		Release|Any CPU = Release|Any CPU
	EndGlobalSection
	GlobalSection(ProjectConfigurationPlatforms) = postSolution
		{208CDDB4-D5AC-47E9-98A2-DAB290F0C074}.Debug|Any CPU.ActiveCfg = Debug|Any CPU
		{208CDDB4-D5AC-47E9-98A2-DAB290F0C074}.Debug|Any CPU.Build.0 = Debug|Any CPU
		{208CDDB4-D5AC-47E9-98A2-DAB290F0C074}.Release|Any CPU.ActiveCfg = Release|Any CPU
		{208CDDB4-D5AC-47E9-98A2-DAB290F0C074}.Release|Any CPU.Build.0 = Release|Any CPU
	EndGlobalSection
	GlobalSection(SolutionProperties) = preSolution
		HideSolutionNode = FALSE
	EndGlobalSection
	GlobalSection(ExtensibilityGlobals) = postSolution
		SolutionGuid = {7E077D0A-3FFF-4C32-B6BF-A3B76AB40354}
	EndGlobalSection
EndGlobal
